
Microsoft Visual Studio Solution File, Format Version 12.00
# Visual Studio Version 17
VisualStudioVersion = 17.9.34902.65
MinimumVisualStudioVersion = 10.0.40219.1
Project("{FAE04EC0-301F-11D3-BF4B-00C04F79EFBC}") = "ExpenseTracker", "ExpenseTracker\ExpenseTracker.csproj", "{771D0FB5-EED6-4B8A-8FA5-859C8F765715}"
EndProject
Global
	GlobalSection(SolutionConfigurationPlatforms) = preSolution
		Debug|Any CPU = Debug|Any CPU
		Release|Any CPU = Release|Any CPU
	EndGlobalSection
	GlobalSection(ProjectConfigurationPlatforms) = postSolution
		{771D0FB5-EED6-4B8A-8FA5-859C8F765715}.Debug|Any CPU.ActiveCfg = Debug|Any CPU
		{771D0FB5-EED6-4B8A-8FA5-859C8F765715}.Debug|Any CPU.Build.0 = Debug|Any CPU
		{771D0FB5-EED6-4B8A-8FA5-859C8F765715}.Release|Any CPU.ActiveCfg = Release|Any CPU
		{771D0FB5-EED6-4B8A-8FA5-859C8F765715}.Release|Any CPU.Build.0 = Release|Any CPU
	EndGlobalSection
	GlobalSection(SolutionProperties) = preSolution
		HideSolutionNode = FALSE
	EndGlobalSection
	GlobalSection(ExtensibilityGlobals) = postSolution
		SolutionGuid = {566E652C-710B-4840-A984-B5F888969C1E}
	EndGlobalSection
EndGlobal
